
Microsoft Visual Studio Solution File, Format Version 12.00
Project("{FAE04EC0-301F-11D3-BF4B-00C04F79EFBC}") = "TheBox.Domain", "src\TheBox.Domain\TheBox.Domain.csproj", "{C8E5F855-6E21-4648-A4D1-A8CC89DAADCC}"
EndProject
Project("{FAE04EC0-301F-11D3-BF4B-00C04F79EFBC}") = "TheBox.Persistence", "src\TheBox.Persistence\TheBox.Persistence.csproj", "{29B52C36-A15E-4A1F-8963-816E4F520914}"
EndProject
Project("{FAE04EC0-301F-11D3-BF4B-00C04F79EFBC}") = "TheBox.API", "src\TheBox.API\TheBox.API.csproj", "{22C0FC05-B56F-4F31-94A6-4C7ACB9B793B}"
EndProject
Project("{2150E333-8FDC-42A3-9474-1A3956D46DE8}") = "src", "src", "{74423F1E-F967-4AEE-AB71-53663500B34C}"
EndProject
Project("{FAE04EC0-301F-11D3-BF4B-00C04F79EFBC}") = "TheBox.UnitTests", "tests\TheBox.UnitTests\TheBox.UnitTests.csproj", "{85B21124-D0F8-46CA-AEE2-06142A48B4C0}"
EndProject
Project("{2150E333-8FDC-42A3-9474-1A3956D46DE8}") = "tests", "tests", "{FF6DD455-841A-45DE-B5E2-DEF29844A4CF}"
EndProject
Global
	GlobalSection(SolutionConfigurationPlatforms) = preSolution
		Debug|Any CPU = Debug|Any CPU
		Release|Any CPU = Release|Any CPU
	EndGlobalSection
	GlobalSection(ProjectConfigurationPlatforms) = postSolution
		{C8E5F855-6E21-4648-A4D1-A8CC89DAADCC}.Debug|Any CPU.ActiveCfg = Debug|Any CPU
		{C8E5F855-6E21-4648-A4D1-A8CC89DAADCC}.Debug|Any CPU.Build.0 = Debug|Any CPU
		{C8E5F855-6E21-4648-A4D1-A8CC89DAADCC}.Release|Any CPU.ActiveCfg = Release|Any CPU
		{C8E5F855-6E21-4648-A4D1-A8CC89DAADCC}.Release|Any CPU.Build.0 = Release|Any CPU
		{29B52C36-A15E-4A1F-8963-816E4F520914}.Debug|Any CPU.ActiveCfg = Debug|Any CPU
		{29B52C36-A15E-4A1F-8963-816E4F520914}.Debug|Any CPU.Build.0 = Debug|Any CPU
		{29B52C36-A15E-4A1F-8963-816E4F520914}.Release|Any CPU.ActiveCfg = Release|Any CPU
		{29B52C36-A15E-4A1F-8963-816E4F520914}.Release|Any CPU.Build.0 = Release|Any CPU
		{22C0FC05-B56F-4F31-94A6-4C7ACB9B793B}.Debug|Any CPU.ActiveCfg = Debug|Any CPU
		{22C0FC05-B56F-4F31-94A6-4C7ACB9B793B}.Debug|Any CPU.Build.0 = Debug|Any CPU
		{22C0FC05-B56F-4F31-94A6-4C7ACB9B793B}.Release|Any CPU.ActiveCfg = Release|Any CPU
		{22C0FC05-B56F-4F31-94A6-4C7ACB9B793B}.Release|Any CPU.Build.0 = Release|Any CPU
		{85B21124-D0F8-46CA-AEE2-06142A48B4C0}.Debug|Any CPU.ActiveCfg = Debug|Any CPU
		{85B21124-D0F8-46CA-AEE2-06142A48B4C0}.Debug|Any CPU.Build.0 = Debug|Any CPU
		{85B21124-D0F8-46CA-AEE2-06142A48B4C0}.Release|Any CPU.ActiveCfg = Release|Any CPU
		{85B21124-D0F8-46CA-AEE2-06142A48B4C0}.Release|Any CPU.Build.0 = Release|Any CPU
	EndGlobalSection
	GlobalSection(NestedProjects) = preSolution
		{22C0FC05-B56F-4F31-94A6-4C7ACB9B793B} = {74423F1E-F967-4AEE-AB71-53663500B34C}
		{C8E5F855-6E21-4648-A4D1-A8CC89DAADCC} = {74423F1E-F967-4AEE-AB71-53663500B34C}
		{29B52C36-A15E-4A1F-8963-816E4F520914} = {74423F1E-F967-4AEE-AB71-53663500B34C}
		{85B21124-D0F8-46CA-AEE2-06142A48B4C0} = {FF6DD455-841A-45DE-B5E2-DEF29844A4CF}
	EndGlobalSection
EndGlobal
